{
  "name": "smootherstep",
  "version": "1.0.0",
  "lockfileVersion": 3,
  "requires": true,
  "packages": {
    "": {
      "name": "smootherstep",
      "version": "1.0.0",
      "funding": [
        {
          "type": "individual",
          "url": "https://paypal.me/dmnsgn"
        },
        {
          "type": "individual",
          "url": "https://commerce.coinbase.com/checkout/56cbdf28-e323-48d8-9c98-7019e72c97f3"
        }
      ],
      "license": "MIT",
      "devDependencies": {
        "canvas-context": "^3.3.0",
        "es-module-shims": "^2.5.0",
        "tweakpane": "^4.0.5"
      },
      "engines": {
        "node": ">=22.0.0",
        "npm": ">=10.5.1"
      }
    },
    "node_modules/canvas-context": {
      "version": "3.3.0",
      "resolved": "https://registry.npmjs.org/canvas-context/-/canvas-context-3.3.0.tgz",
      "integrity": "sha512-gmiAY/gcv3FtzX5DbdVg9hHPJC3IEm3+X6cHhoSn590WutbpwWVgMuHQpeEP/ldBkPdvZRSO89uFBb2Aba4FYg==",
      "dev": true,
      "funding": [
        {
          "type": "individual",
          "url": "https://paypal.me/dmnsgn"
        },
        {
          "type": "individual",
          "url": "https://commerce.coinbase.com/checkout/56cbdf28-e323-48d8-9c98-7019e72c97f3"
        }
      ],
      "license": "MIT",
      "engines": {
        "node": ">=22.0.0",
        "npm": ">=10.5.1",
        "snowdev": ">=2.2.x"
      }
    },
    "node_modules/es-module-shims": {
      "version": "2.5.0",
      "resolved": "https://registry.npmjs.org/es-module-shims/-/es-module-shims-2.5.0.tgz",
      "integrity": "sha512-iZMGrIU+yiUZ66HINpVWTDY4Y9KFTbPF7ltz6VGoS+w0Kj9Ru7rES5p4LwmZwmEPI1Ga7FNO24ZfNOoSYldRLA==",
      "dev": true,
      "license": "MIT"
    },
    "node_modules/tweakpane": {
      "version": "4.0.5",
      "resolved": "https://registry.npmjs.org/tweakpane/-/tweakpane-4.0.5.tgz",
      "integrity": "sha512-rxEXdSI+ArlG1RyO6FghC4ZUX8JkEfz8F3v1JuteXSV0pEtHJzyo07fcDG+NsJfN5L39kSbCYbB9cBGHyuI/tQ==",
      "dev": true,
      "license": "MIT",
      "funding": {
        "url": "https://github.com/sponsors/cocopon"
      }
    }
  }
}
